
Microsoft Visual Studio Solution File, Format Version 12.00
# Visual Studio Version 17
VisualStudioVersion = 17.11.35219.272
MinimumVisualStudioVersion = 10.0.40219.1
Project("{FAE04EC0-301F-11D3-BF4B-00C04F79EFBC}") = "Kth Largest Element in an Array", "Kth Largest Element in an Array.csproj", "{09ACBF51-73B7-4412-80CA-66CCEADE5098}"
EndProject
Global
	GlobalSection(SolutionConfigurationPlatforms) = preSolution
		Debug|Any CPU = Debug|Any CPU
		Release|Any CPU = Release|Any CPU
	EndGlobalSection
	GlobalSection(ProjectConfigurationPlatforms) = postSolution
		{09ACBF51-73B7-4412-80CA-66CCEADE5098}.Debug|Any CPU.ActiveCfg = Debug|Any CPU
		{09ACBF51-73B7-4412-80CA-66CCEADE5098}.Debug|Any CPU.Build.0 = Debug|Any CPU
		{09ACBF51-73B7-4412-80CA-66CCEADE5098}.Release|Any CPU.ActiveCfg = Release|Any CPU
		{09ACBF51-73B7-4412-80CA-66CCEADE5098}.Release|Any CPU.Build.0 = Release|Any CPU
	EndGlobalSection
	GlobalSection(SolutionProperties) = preSolution
		HideSolutionNode = FALSE
	EndGlobalSection
	GlobalSection(ExtensibilityGlobals) = postSolution
		SolutionGuid = {8AA56765-668D-40C4-8A9C-9F2242D9C87B}
	EndGlobalSection
EndGlobal
